
Microsoft Visual Studio Solution File, Format Version 12.00
# Visual Studio Version 17
VisualStudioVersion = 17.5.002.0
MinimumVisualStudioVersion = 10.0.40219.1
Project("{9A19103F-16F7-4668-BE54-9A1E7A4F7556}") = "Alarmas-IoT", "Alarmas-IoT.csproj", "{E04E007B-891E-4FCC-B549-EA925A5DF8A7}"
EndProject
Global
	GlobalSection(SolutionConfigurationPlatforms) = preSolution
		Debug|Any CPU = Debug|Any CPU
		Release|Any CPU = Release|Any CPU
	EndGlobalSection
	GlobalSection(ProjectConfigurationPlatforms) = postSolution
		{E04E007B-891E-4FCC-B549-EA925A5DF8A7}.Debug|Any CPU.ActiveCfg = Debug|Any CPU
		{E04E007B-891E-4FCC-B549-EA925A5DF8A7}.Debug|Any CPU.Build.0 = Debug|Any CPU
		{E04E007B-891E-4FCC-B549-EA925A5DF8A7}.Release|Any CPU.ActiveCfg = Release|Any CPU
		{E04E007B-891E-4FCC-B549-EA925A5DF8A7}.Release|Any CPU.Build.0 = Release|Any CPU
	EndGlobalSection
	GlobalSection(SolutionProperties) = preSolution
		HideSolutionNode = FALSE
	EndGlobalSection
	GlobalSection(ExtensibilityGlobals) = postSolution
		SolutionGuid = {4C4C1B32-87A9-4521-9DC0-BB88B64729CD}
	EndGlobalSection
EndGlobal
